// !$*UTF8*$!
{
	archiveVersion = 1;
	classes = {
	};
	objectVersion = 50;
	objects = {

/* Begin PBXBuildFile section */
		8E24B69A25130BE900C8BED1 /* AppDelegate.swift in Sources */ = {isa = PBXBuildFile; fileRef = 8E24B69925130BE900C8BED1 /* AppDelegate.swift */; };
		8E24B69C25130BE900C8BED1 /* SceneDelegate.swift in Sources */ = {isa = PBXBuildFile; fileRef = 8E24B69B25130BE900C8BED1 /* SceneDelegate.swift */; };
		8E24B69E25130BE900C8BED1 /* ViewController.swift in Sources */ = {isa = PBXBuildFile; fileRef = 8E24B69D25130BE900C8BED1 /* ViewController.swift */; };
		8E24B6A125130BE900C8BED1 /* Main.storyboard in Resources */ = {isa = PBXBuildFile; fileRef = 8E24B69F25130BE900C8BED1 /* Main.storyboard */; };
		8E24B6A325130BEA00C8BED1 /* Assets.xcassets in Resources */ = {isa = PBXBuildFile; fileRef = 8E24B6A225130BEA00C8BED1 /* Assets.xcassets */; };
		8E24B6A625130BEA00C8BED1 /* LaunchScreen.storyboard in Resources */ = {isa = PBXBuildFile; fileRef = 8E24B6A425130BEA00C8BED1 /* LaunchScreen.storyboard */; };
		8E24B6B125130BEA00C8BED1 /* FlixsterTests.swift in Sources */ = {isa = PBXBuildFile; fileRef = 8E24B6B025130BEA00C8BED1 /* FlixsterTests.swift */; };
		8E24B6BC25130BEA00C8BED1 /* FlixsterUITests.swift in Sources */ = {isa = PBXBuildFile; fileRef = 8E24B6BB25130BEA00C8BED1 /* FlixsterUITests.swift */; };
/* End PBXBuildFile section */

/* Begin PBXContainerItemProxy section */
		8E24B6AD25130BEA00C8BED1 /* PBXContainerItemProxy */ = {
			isa = PBXContainerItemProxy;
			containerPortal = 8E24B68E25130BE900C8BED1 /* Project object */;
			proxyType = 1;
			remoteGlobalIDString = 8E24B69525130BE900C8BED1;
			remoteInfo = Flixster;
		};
		8E24B6B825130BEA00C8BED1 /* PBXContainerItemProxy */ = {
			isa = PBXContainerItemProxy;
			containerPortal = 8E24B68E25130BE900C8BED1 /* Project object */;
			proxyType = 1;
			remoteGlobalIDString = 8E24B69525130BE900C8BED1;
			remoteInfo = Flixster;
		};
/* End PBXContainerItemProxy section */

/* Begin PBXFileReference section */
		8E24B69625130BE900C8BED1 /* Flixster.app */ = {isa = PBXFileReference; explicitFileType = wrapper.application; includeInIndex = 0; path = Flixster.app; sourceTree = BUILT_PRODUCTS_DIR; };
		8E24B69925130BE900C8BED1 /* AppDelegate.swift */ = {isa = PBXFileReference; lastKnownFileType = sourcecode.swift; path = AppDelegate.swift; sourceTree = "<group>"; };
		8E24B69B25130BE900C8BED1 /* SceneDelegate.swift */ = {isa = PBXFileReference; lastKnownFileType = sourcecode.swift; path = SceneDelegate.swift; sourceTree = "<group>"; };
		8E24B69D25130BE900C8BED1 /* ViewController.swift */ = {isa = PBXFileReference; lastKnownFileType = sourcecode.swift; path = ViewController.swift; sourceTree = "<group>"; };
		8E24B6A025130BE900C8BED1 /* Base */ = {isa = PBXFileReference; lastKnownFileType = file.storyboard; name = Base; path = Base.lproj/Main.storyboard; sourceTree = "<group>"; };
		8E24B6A225130BEA00C8BED1 /* Assets.xcassets */ = {isa = PBXFileReference; lastKnownFileType = folder.assetcatalog; path = Assets.xcassets; sourceTree = "<group>"; };
		8E24B6A525130BEA00C8BED1 /* Base */ = {isa = PBXFileReference; lastKnownFileType = file.storyboard; name = Base; path = Base.lproj/LaunchScreen.storyboard; sourceTree = "<group>"; };
		8E24B6A725130BEA00C8BED1 /* Info.plist */ = {isa = PBXFileReference; lastKnownFileType = text.plist.xml; path = Info.plist; sourceTree = "<group>"; };
		8E24B6AC25130BEA00C8BED1 /* FlixsterTests.xctest */ = {isa = PBXFileReference; explicitFileType = wrapper.cfbundle; includeInIndex = 0; path = FlixsterTests.xctest; sourceTree = BUILT_PRODUCTS_DIR; };
		8E24B6B025130BEA00C8BED1 /* FlixsterTests.swift */ = {isa = PBXFileReference; lastKnownFileType = sourcecode.swift; path = FlixsterTests.swift; sourceTree = "<group>"; };
		8E24B6B225130BEA00C8BED1 /* Info.plist */ = {isa = PBXFileReference; lastKnownFileType = text.plist.xml; path = Info.plist; sourceTree = "<group>"; };
		8E24B6B725130BEA00C8BED1 /* FlixsterUITests.xctest */ = {isa = PBXFileReference; explicitFileType = wrapper.cfbundle; includeInIndex = 0; path = FlixsterUITests.xctest; sourceTree = BUILT_PRODUCTS_DIR; };
		8E24B6BB25130BEA00C8BED1 /* FlixsterUITests.swift */ = {isa = PBXFileReference; lastKnownFileType = sourcecode.swift; path = FlixsterUITests.swift; sourceTree = "<group>"; };
		8E24B6BD25130BEA00C8BED1 /* Info.plist */ = {isa = PBXFileReference; lastKnownFileType = text.plist.xml; path = Info.plist; sourceTree = "<group>"; };
/* End PBXFileReference section */

/* Begin PBXFrameworksBuildPhase section */
		8E24B69325130BE900C8BED1 /* Frameworks */ = {
			isa = PBXFrameworksBuildPhase;
			buildActionMask = 2147483647;
			files = (
			);
			runOnlyForDeploymentPostprocessing = 0;
		};
		8E24B6A925130BEA00C8BED1 /* Frameworks */ = {
			isa = PBXFrameworksBuildPhase;
			buildActionMask = 2147483647;
			files = (
			);
			runOnlyForDeploymentPostprocessing = 0;
		};
		8E24B6B425130BEA00C8BED1 /* Frameworks */ = {
			isa = PBXFrameworksBuildPhase;
			buildActionMask = 2147483647;
			files = (
			);
			runOnlyForDeploymentPostprocessing = 0;
		};
/* End PBXFrameworksBuildPhase section */

/* Begin PBXGroup section */
		8E24B68D25130BE900C8BED1 = {
			isa = PBXGroup;
			children = (
				8E24B69825130BE900C8BED1 /* Flixster */,
				8E24B6AF25130BEA00C8BED1 /* FlixsterTests */,
				8E24B6BA25130BEA00C8BED1 /* FlixsterUITests */,
				8E24B69725130BE900C8BED1 /* Products */,
			);
			sourceTree = "<group>";
		};
		8E24B69725130BE900C8BED1 /* Products */ = {
			isa = PBXGroup;
			children = (
				8E24B69625130BE900C8BED1 /* Flixster.app */,
				8E24B6AC25130BEA00C8BED1 /* FlixsterTests.xctest */,
				8E24B6B725130BEA00C8BED1 /* FlixsterUITests.xctest */,
			);
			name = Products;
			sourceTree = "<group>";
		};
		8E24B69825130BE900C8BED1 /* Flixster */ = {
			isa = PBXGroup;
			children = (
				8E24B69925130BE900C8BED1 /* AppDelegate.swift */,
				8E24B69B25130BE900C8BED1 /* SceneDelegate.swift */,
				8E24B69D25130BE900C8BED1 /* ViewController.swift */,
				8E24B69F25130BE900C8BED1 /* Main.storyboard */,
				8E24B6A225130BEA00C8BED1 /* Assets.xcassets */,
				8E24B6A425130BEA00C8BED1 /* LaunchScreen.storyboard */,
				8E24B6A725130BEA00C8BED1 /* Info.plist */,
			);
			path = Flixster;
			sourceTree = "<group>";
		};
		8E24B6AF25130BEA00C8BED1 /* FlixsterTests */ = {
			isa = PBXGroup;
			children = (
				8E24B6B025130BEA00C8BED1 /* FlixsterTests.swift */,
				8E24B6B225130BEA00C8BED1 /* Info.plist */,
			);
			path = FlixsterTests;
			sourceTree = "<group>";
		};
		8E24B6BA25130BEA00C8BED1 /* FlixsterUITests */ = {
			isa = PBXGroup;
			children = (
				8E24B6BB25130BEA00C8BED1 /* FlixsterUITests.swift */,
				8E24B6BD25130BEA00C8BED1 /* Info.plist */,
			);
			path = FlixsterUITests;
			sourceTree = "<group>";
		};
/* End PBXGroup section */

/* Begin PBXNativeTarget section */
		8E24B69525130BE900C8BED1 /* Flixster */ = {
			isa = PBXNativeTarget;
			buildConfigurationList = 8E24B6C025130BEA00C8BED1 /* Build configuration list for PBXNativeTarget "Flixster" */;
			buildPhases = (
				8E24B69225130BE900C8BED1 /* Sources */,
				8E24B69325130BE900C8BED1 /* Frameworks */,
				8E24B69425130BE900C8BED1 /* Resources */,
			);
			buildRules = (
			);
			dependencies = (
			);
			name = Flixster;
			productName = Flixster;
			productReference = 8E24B69625130BE900C8BED1 /* Flixster.app */;
			productType = "com.apple.product-type.application";
		};
		8E24B6AB25130BEA00C8BED1 /* FlixsterTests */ = {
			isa = PBXNativeTarget;
			buildConfigurationList = 8E24B6C325130BEA00C8BED1 /* Build configuration list for PBXNativeTarget "FlixsterTests" */;
			buildPhases = (
				8E24B6A825130BEA00C8BED1 /* Sources */,
				8E24B6A925130BEA00C8BED1 /* Frameworks */,
				8E24B6AA25130BEA00C8BED1 /* Resources */,
			);
			buildRules = (
			);
			dependencies = (
				8E24B6AE25130BEA00C8BED1 /* PBXTargetDependency */,
			);
			name = FlixsterTests;
			productName = FlixsterTests;
			productReference = 8E24B6AC25130BEA00C8BED1 /* FlixsterTests.xctest */;
			productType = "com.apple.product-type.bundle.unit-test";
		};
		8E24B6B625130BEA00C8BED1 /* FlixsterUITests */ = {
			isa = PBXNativeTarget;
			buildConfigurationList = 8E24B6C625130BEA00C8BED1 /* Build configuration list for PBXNativeTarget "FlixsterUITests" */;
			buildPhases = (
				8E24B6B325130BEA00C8BED1 /* Sources */,
				8E24B6B425130BEA00C8BED1 /* Frameworks */,
				8E24B6B525130BEA00C8BED1 /* Resources */,
			);
			buildRules = (
			);
			dependencies = (
				8E24B6B925130BEA00C8BED1 /* PBXTargetDependency */,
			);
			name = FlixsterUITests;
			productName = FlixsterUITests;
			productReference = 8E24B6B725130BEA00C8BED1 /* FlixsterUITests.xctest */;
			productType = "com.apple.product-type.bundle.ui-testing";
		};
/* End PBXNativeTarget section */

/* Begin PBXProject section */
		8E24B68E25130BE900C8BED1 /* Project object */ = {
			isa = PBXProject;
			attributes = {
				LastSwiftUpdateCheck = 1200;
				LastUpgradeCheck = 1200;
				TargetAttributes = {
					8E24B69525130BE900C8BED1 = {
						CreatedOnToolsVersion = 12.0;
					};
					8E24B6AB25130BEA00C8BED1 = {
						CreatedOnToolsVersion = 12.0;
						TestTargetID = 8E24B69525130BE900C8BED1;
					};
					8E24B6B625130BEA00C8BED1 = {
						CreatedOnToolsVersion = 12.0;
						TestTargetID = 8E24B69525130BE900C8BED1;
					};
				};
			};
			buildConfigurationList = 8E24B69125130BE900C8BED1 /* Build configuration list for PBXProject "Flixster" */;
			compatibilityVersion = "Xcode 9.3";
			developmentRegion = en;
			hasScannedForEncodings = 0;
			knownRegions = (
				en,
				Base,
			);
			mainGroup = 8E24B68D25130BE900C8BED1;
			productRefGroup = 8E24B69725130BE900C8BED1 /* Products */;
			projectDirPath = "";
			projectRoot = "";
			targets = (
				8E24B69525130BE900C8BED1 /* Flixster */,
				8E24B6AB25130BEA00C8BED1 /* FlixsterTests */,
				8E24B6B625130BEA00C8BED1 /* FlixsterUITests */,
			);
		};
/* End PBXProject section */

/* Begin PBXResourcesBuildPhase section */
		8E24B69425130BE900C8BED1 /* Resources */ = {
			isa = PBXResourcesBuildPhase;
			buildActionMask = 2147483647;
			files = (
				8E24B6A625130BEA00C8BED1 /* LaunchScreen.storyboard in Resources */,
				8E24B6A325130BEA00C8BED1 /* Assets.xcassets in Resources */,
				8E24B6A125130BE900C8BED1 /* Main.storyboard in Resources */,
			);
			runOnlyForDeploymentPostprocessing = 0;
		};
		8E24B6AA25130BEA00C8BED1 /* Resources */ = {
			isa = PBXResourcesBuildPhase;
			buildActionMask = 2147483647;
			files = (
			);
			runOnlyForDeploymentPostprocessing = 0;
		};
		8E24B6B525130BEA00C8BED1 /* Resources */ = {
			isa = PBXResourcesBuildPhase;
			buildActionMask = 2147483647;
			files = (
			);
			runOnlyForDeploymentPostprocessing = 0;
		};
/* End PBXResourcesBuildPhase section */

/* Begin PBXSourcesBuildPhase section */
		8E24B69225130BE900C8BED1 /* Sources */ = {
			isa = PBXSourcesBuildPhase;
			buildActionMask = 2147483647;
			files = (
				8E24B69E25130BE900C8BED1 /* ViewController.swift in Sources */,
				8E24B69A25130BE900C8BED1 /* AppDelegate.swift in Sources */,
				8E24B69C25130BE900C8BED1 /* SceneDelegate.swift in Sources */,
			);
			runOnlyForDeploymentPostprocessing = 0;
		};
		8E24B6A825130BEA00C8BED1 /* Sources */ = {
			isa = PBXSourcesBuildPhase;
			buildActionMask = 2147483647;
			files = (
				8E24B6B125130BEA00C8BED1 /* FlixsterTests.swift in Sources */,
			);
			runOnlyForDeploymentPostprocessing = 0;
		};
		8E24B6B325130BEA00C8BED1 /* Sources */ = {
			isa = PBXSourcesBuildPhase;
			buildActionMask = 2147483647;
			files = (
				8E24B6BC25130BEA00C8BED1 /* FlixsterUITests.swift in Sources */,
			);
			runOnlyForDeploymentPostprocessing = 0;
		};
/* End PBXSourcesBuildPhase section */

/* Begin PBXTargetDependency section */
		8E24B6AE25130BEA00C8BED1 /* PBXTargetDependency */ = {
			isa = PBXTargetDependency;
			target = 8E24B69525130BE900C8BED1 /* Flixster */;
			targetProxy = 8E24B6AD25130BEA00C8BED1 /* PBXContainerItemProxy */;
		};
		8E24B6B925130BEA00C8BED1 /* PBXTargetDependency */ = {
			isa = PBXTargetDependency;
			target = 8E24B69525130BE900C8BED1 /* Flixster */;
			targetProxy = 8E24B6B825130BEA00C8BED1 /* PBXContainerItemProxy */;
		};
/* End PBXTargetDependency section */

/* Begin PBXVariantGroup section */
		8E24B69F25130BE900C8BED1 /* Main.storyboard */ = {
			isa = PBXVariantGroup;
			children = (
				8E24B6A025130BE900C8BED1 /* Base */,
			);
			name = Main.storyboard;
			sourceTree = "<group>";
		};
		8E24B6A425130BEA00C8BED1 /* LaunchScreen.storyboard */ = {
			isa = PBXVariantGroup;
			children = (
				8E24B6A525130BEA00C8BED1 /* Base */,
			);
			name = LaunchScreen.storyboard;
			sourceTree = "<group>";
		};
/* End PBXVariantGroup section */

/* Begin XCBuildConfiguration section */
		8E24B6BE25130BEA00C8BED1 /* Debug */ = {
			isa = XCBuildConfiguration;
			buildSettings = {
				ALWAYS_SEARCH_USER_PATHS = NO;
				CLANG_ANALYZER_NONNULL = YES;
				CLANG_ANALYZER_NUMBER_OBJECT_CONVERSION = YES_AGGRESSIVE;
				CLANG_CXX_LANGUAGE_STANDARD = "gnu++14";
				CLANG_CXX_LIBRARY = "libc++";
				CLANG_ENABLE_MODULES = YES;
				CLANG_ENABLE_OBJC_ARC = YES;
				CLANG_ENABLE_OBJC_WEAK = YES;
				CLANG_WARN_BLOCK_CAPTURE_AUTORELEASING = YES;
				CLANG_WARN_BOOL_CONVERSION = YES;
				CLANG_WARN_COMMA = YES;
				CLANG_WARN_CONSTANT_CONVERSION = YES;
				CLANG_WARN_DEPRECATED_OBJC_IMPLEMENTATIONS = YES;
				CLANG_WARN_DIRECT_OBJC_ISA_USAGE = YES_ERROR;
				CLANG_WARN_DOCUMENTATION_COMMENTS = YES;
				CLANG_WARN_EMPTY_BODY = YES;
				CLANG_WARN_ENUM_CONVERSION = YES;
				CLANG_WARN_INFINITE_RECURSION = YES;
				CLANG_WARN_INT_CONVERSION = YES;
				CLANG_WARN_NON_LITERAL_NULL_CONVERSION = YES;
				CLANG_WARN_OBJC_IMPLICIT_RETAIN_SELF = YES;
				CLANG_WARN_OBJC_LITERAL_CONVERSION = YES;
				CLANG_WARN_OBJC_ROOT_CLASS = YES_ERROR;
				CLANG_WARN_QUOTED_INCLUDE_IN_FRAMEWORK_HEADER = YES;
				CLANG_WARN_RANGE_LOOP_ANALYSIS = YES;
				CLANG_WARN_STRICT_PROTOTYPES = YES;
				CLANG_WARN_SUSPICIOUS_MOVE = YES;
				CLANG_WARN_UNGUARDED_AVAILABILITY = YES_AGGRESSIVE;
				CLANG_WARN_UNREACHABLE_CODE = YES;
				CLANG_WARN__DUPLICATE_METHOD_MATCH = YES;
				COPY_PHASE_STRIP = NO;
				DEBUG_INFORMATION_FORMAT = dwarf;
				ENABLE_STRICT_OBJC_MSGSEND = YES;
				ENABLE_TESTABILITY = YES;
				GCC_C_LANGUAGE_STANDARD = gnu11;
				GCC_DYNAMIC_NO_PIC = NO;
				GCC_NO_COMMON_BLOCKS = YES;
				GCC_OPTIMIZATION_LEVEL = 0;
				GCC_PREPROCESSOR_DEFINITIONS = (
					"DEBUG=1",
					"$(inherited)",
				);
				GCC_WARN_64_TO_32_BIT_CONVERSION = YES;
				GCC_WARN_ABOUT_RETURN_TYPE = YES_ERROR;
				GCC_WARN_UNDECLARED_SELECTOR = YES;
				GCC_WARN_UNINITIALIZED_AUTOS = YES_AGGRESSIVE;
				GCC_WARN_UNUSED_FUNCTION = YES;
				GCC_WARN_UNUSED_VARIABLE = YES;
				IPHONEOS_DEPLOYMENT_TARGET = 14.0;
				MTL_ENABLE_DEBUG_INFO = INCLUDE_SOURCE;
				MTL_FAST_MATH = YES;
				ONLY_ACTIVE_ARCH = YES;
				SDKROOT = iphoneos;
				SWIFT_ACTIVE_COMPILATION_CONDITIONS = DEBUG;
				SWIFT_OPTIMIZATION_LEVEL = "-Onone";
			};
			name = Debug;
		};
		8E24B6BF25130BEA00C8BED1 /* Release */ = {
			isa = XCBuildConfiguration;
			buildSettings = {
				ALWAYS_SEARCH_USER_PATHS = NO;
				CLANG_ANALYZER_NONNULL = YES;
				CLANG_ANALYZER_NUMBER_OBJECT_CONVERSION = YES_AGGRESSIVE;
				CLANG_CXX_LANGUAGE_STANDARD = "gnu++14";
				CLANG_CXX_LIBRARY = "libc++";
				CLANG_ENABLE_MODULES = YES;
				CLANG_ENABLE_OBJC_ARC = YES;
				CLANG_ENABLE_OBJC_WEAK = YES;
				CLANG_WARN_BLOCK_CAPTURE_AUTORELEASING = YES;
				CLANG_WARN_BOOL_CONVERSION = YES;
				CLANG_WARN_COMMA = YES;
				CLANG_WARN_CONSTANT_CONVERSION = YES;
				CLANG_WARN_DEPRECATED_OBJC_IMPLEMENTATIONS = YES;
				CLANG_WARN_DIRECT_OBJC_ISA_USAGE = YES_ERROR;
				CLANG_WARN_DOCUMENTATION_COMMENTS = YES;
				CLANG_WARN_EMPTY_BODY = YES;
				CLANG_WARN_ENUM_CONVERSION = YES;
				CLANG_WARN_INFINITE_RECURSION = YES;
				CLANG_WARN_INT_CONVERSION = YES;
				CLANG_WARN_NON_LITERAL_NULL_CONVERSION = YES;
				CLANG_WARN_OBJC_IMPLICIT_RETAIN_SELF = YES;
				CLANG_WARN_OBJC_LITERAL_CONVERSION = YES;
				CLANG_WARN_OBJC_ROOT_CLASS = YES_ERROR;
				CLANG_WARN_QUOTED_INCLUDE_IN_FRAMEWORK_HEADER = YES;
				CLANG_WARN_RANGE_LOOP_ANALYSIS = YES;
				CLANG_WARN_STRICT_PROTOTYPES = YES;
				CLANG_WARN_SUSPICIOUS_MOVE = YES;
				CLANG_WARN_UNGUARDED_AVAILABILITY = YES_AGGRESSIVE;
				CLANG_WARN_UNREACHABLE_CODE = YES;
				CLANG_WARN__DUPLICATE_METHOD_MATCH = YES;
				COPY_PHASE_STRIP = NO;
				DEBUG_INFORMATION_FORMAT = "dwarf-with-dsym";
				ENABLE_NS_ASSERTIONS = NO;
				ENABLE_STRICT_OBJC_MSGSEND = YES;
				GCC_C_LANGUAGE_STANDARD = gnu11;
				GCC_NO_COMMON_BLOCKS = YES;
				GCC_WARN_64_TO_32_BIT_CONVERSION = YES;
				GCC_WARN_ABOUT_RETURN_TYPE = YES_ERROR;
				GCC_WARN_UNDECLARED_SELECTOR = YES;
				GCC_WARN_UNINITIALIZED_AUTOS = YES_AGGRESSIVE;
				GCC_WARN_UNUSED_FUNCTION = YES;
				GCC_WARN_UNUSED_VARIABLE = YES;
				IPHONEOS_DEPLOYMENT_TARGET = 14.0;
				MTL_ENABLE_DEBUG_INFO = NO;
				MTL_FAST_MATH = YES;
				SDKROOT = iphoneos;
				SWIFT_COMPILATION_MODE = wholemodule;
				SWIFT_OPTIMIZATION_LEVEL = "-O";
				VALIDATE_PRODUCT = YES;
			};
			name = Release;
		};
		8E24B6C125130BEA00C8BED1 /* Debug */ = {
			isa = XCBuildConfiguration;
			buildSettings = {
				ASSETCATALOG_COMPILER_APPICON_NAME = AppIcon;
				ASSETCATALOG_COMPILER_GLOBAL_ACCENT_COLOR_NAME = AccentColor;
				CODE_SIGN_STYLE = Automatic;
				INFOPLIST_FILE = Flixster/Info.plist;
				LD_RUNPATH_SEARCH_PATHS = (
					"$(inherited)",
					"@executable_path/Frameworks",
				);
				PRODUCT_BUNDLE_IDENTIFIER = edu.csumb.Flixster;
				PRODUCT_NAME = "$(TARGET_NAME)";
				SWIFT_VERSION = 5.0;
				TARGETED_DEVICE_FAMILY = "1,2";
			};
			name = Debug;
		};
		8E24B6C225130BEA00C8BED1 /* Release */ = {
			isa = XCBuildConfiguration;
			buildSettings = {
				ASSETCATALOG_COMPILER_APPICON_NAME = AppIcon;
				ASSETCATALOG_COMPILER_GLOBAL_ACCENT_COLOR_NAME = AccentColor;
				CODE_SIGN_STYLE = Automatic;
				INFOPLIST_FILE = Flixster/Info.plist;
				LD_RUNPATH_SEARCH_PATHS = (
					"$(inherited)",
					"@executable_path/Frameworks",
				);
				PRODUCT_BUNDLE_IDENTIFIER = edu.csumb.Flixster;
				PRODUCT_NAME = "$(TARGET_NAME)";
				SWIFT_VERSION = 5.0;
				TARGETED_DEVICE_FAMILY = "1,2";
			};
			name = Release;
		};
		8E24B6C425130BEA00C8BED1 /* Debug */ = {
			isa = XCBuildConfiguration;
			buildSettings = {
				ALWAYS_EMBED_SWIFT_STANDARD_LIBRARIES = YES;
				BUNDLE_LOADER = "$(TEST_HOST)";
				CODE_SIGN_STYLE = Automatic;
				INFOPLIST_FILE = FlixsterTests/Info.plist;
				IPHONEOS_DEPLOYMENT_TARGET = 14.0;
				LD_RUNPATH_SEARCH_PATHS = (
					"$(inherited)",
					"@executable_path/Frameworks",
					"@loader_path/Frameworks",
				);
				PRODUCT_BUNDLE_IDENTIFIER = edu.csumb.FlixsterTests;
				PRODUCT_NAME = "$(TARGET_NAME)";
				SWIFT_VERSION = 5.0;
				TARGETED_DEVICE_FAMILY = "1,2";
				TEST_HOST = "$(BUILT_PRODUCTS_DIR)/Flixster.app/Flixster";
			};
			name = Debug;
		};
		8E24B6C525130BEA00C8BED1 /* Release */ = {
			isa = XCBuildConfiguration;
			buildSettings = {
				ALWAYS_EMBED_SWIFT_STANDARD_LIBRARIES = YES;
				BUNDLE_LOADER = "$(TEST_HOST)";
				CODE_SIGN_STYLE = Automatic;
				INFOPLIST_FILE = FlixsterTests/Info.plist;
				IPHONEOS_DEPLOYMENT_TARGET = 14.0;
				LD_RUNPATH_SEARCH_PATHS = (
					"$(inherited)",
					"@executable_path/Frameworks",
					"@loader_path/Frameworks",
				);
				PRODUCT_BUNDLE_IDENTIFIER = edu.csumb.FlixsterTests;
				PRODUCT_NAME = "$(TARGET_NAME)";
				SWIFT_VERSION = 5.0;
				TARGETED_DEVICE_FAMILY = "1,2";
				TEST_HOST = "$(BUILT_PRODUCTS_DIR)/Flixster.app/Flixster";
			};
			name = Release;
		};
		8E24B6C725130BEA00C8BED1 /* Debug */ = {
			isa = XCBuildConfiguration;
			buildSettings = {
				ALWAYS_EMBED_SWIFT_STANDARD_LIBRARIES = YES;
				CODE_SIGN_STYLE = Automatic;
				INFOPLIST_FILE = FlixsterUITests/Info.plist;
				LD_RUNPATH_SEARCH_PATHS = (
					"$(inherited)",
					"@executable_path/Frameworks",
					"@loader_path/Frameworks",
				);
				PRODUCT_BUNDLE_IDENTIFIER = edu.csumb.FlixsterUITests;
				PRODUCT_NAME = "$(TARGET_NAME)";
				SWIFT_VERSION = 5.0;
				TARGETED_DEVICE_FAMILY = "1,2";
				TEST_TARGET_NAME = Flixster;
			};
			name = Debug;
		};
		8E24B6C825130BEA00C8BED1 /* Release */ = {
			isa = XCBuildConfiguration;
			buildSettings = {
				ALWAYS_EMBED_SWIFT_STANDARD_LIBRARIES = YES;
				CODE_SIGN_STYLE = Automatic;
				INFOPLIST_FILE = FlixsterUITests/Info.plist;
				LD_RUNPATH_SEARCH_PATHS = (
					"$(inherited)",
					"@executable_path/Frameworks",
					"@loader_path/Frameworks",
				);
				PRODUCT_BUNDLE_IDENTIFIER = edu.csumb.FlixsterUITests;
				PRODUCT_NAME = "$(TARGET_NAME)";
				SWIFT_VERSION = 5.0;
				TARGETED_DEVICE_FAMILY = "1,2";
				TEST_TARGET_NAME = Flixster;
			};
			name = Release;
		};
/* End XCBuildConfiguration section */

/* Begin XCConfigurationList section */
		8E24B69125130BE900C8BED1 /* Build configuration list for PBXProject "Flixster" */ = {
			isa = XCConfigurationList;
			buildConfigurations = (
				8E24B6BE25130BEA00C8BED1 /* Debug */,
				8E24B6BF25130BEA00C8BED1 /* Release */,
			);
			defaultConfigurationIsVisible = 0;
			defaultConfigurationName = Release;
		};
		8E24B6C025130BEA00C8BED1 /* Build configuration list for PBXNativeTarget "Flixster" */ = {
			isa = XCConfigurationList;
			buildConfigurations = (
				8E24B6C125130BEA00C8BED1 /* Debug */,
				8E24B6C225130BEA00C8BED1 /* Release */,
			);
			defaultConfigurationIsVisible = 0;
			defaultConfigurationName = Release;
		};
		8E24B6C325130BEA00C8BED1 /* Build configuration list for PBXNativeTarget "FlixsterTests" */ = {
			isa = XCConfigurationList;
			buildConfigurations = (
				8E24B6C425130BEA00C8BED1 /* Debug */,
				8E24B6C525130BEA00C8BED1 /* Release */,
			);
			defaultConfigurationIsVisible = 0;
			defaultConfigurationName = Release;
		};
		8E24B6C625130BEA00C8BED1 /* Build configuration list for PBXNativeTarget "FlixsterUITests" */ = {
			isa = XCConfigurationList;
			buildConfigurations = (
				8E24B6C725130BEA00C8BED1 /* Debug */,
				8E24B6C825130BEA00C8BED1 /* Release */,
			);
			defaultConfigurationIsVisible = 0;
			defaultConfigurationName = Release;
		};
/* End XCConfigurationList section */
	};
	rootObject = 8E24B68E25130BE900C8BED1 /* Project object */;
}
